<?xml version="1.0" encoding="utf-8"?>
<Project ToolsVersion="4.0" xmlns="http://schemas.microsoft.com/developer/msbuild/2003">
  <ItemGroup>
    <Filter Include="Source Files">
      <UniqueIdentifier>{4FC737F1-C7A5-4376-A066-2A32D752A2FF}</UniqueIdentifier>
      <Extensions>cpp;c;cxx;def;odl;idl;hpj;bat;asm;asmx</Extensions>
    </Filter>
    <Filter Include="Header Files">
      <UniqueIdentifier>{93995380-89BD-4b04-88EB-625FBE52EBFB}</UniqueIdentifier>
      <Extensions>h;hpp;hxx;hm;inl;inc;xsd</Extensions>
    </Filter>
    <Filter Include="Resource Files">
      <UniqueIdentifier>{67DA6AB6-F800-4c08-8B7A-83BB121AAD01}</UniqueIdentifier>
      <Extensions>rc;ico;cur;bmp;dlg;rc2;rct;bin;rgs;gif;jpg;jpeg;jpe;resx</Extensions>
    </Filter>
    <Filter Include="Core">
      <UniqueIdentifier>{b83977d4-abd6-4c4f-85d3-b78774098ff8}</UniqueIdentifier>
    </Filter>
  </ItemGroup>
  <ItemGroup>
    <ClCompile Include="DemoStandardDlg.cpp">
      <Filter>Source Files</Filter>
    </ClCompile>
    <ClCompile Include="DemoTranslucentDlg.cpp">
      <Filter>Source Files</Filter>
    </ClCompile>
    <ClCompile Include="Stdafx.cpp">
      <Filter>Source Files</Filter>
    </ClCompile>
    <ClCompile Include="TranslucentDialogLib.cpp">
      <Filter>Source Files</Filter>
    </ClCompile>
    <ClCompile Include="Core\StandardDialog.cpp">
      <Filter>Core</Filter>
    </ClCompile>
    <ClCompile Include="Core\TranslucentButton.cpp">
      <Filter>Core</Filter>
    </ClCompile>
    <ClCompile Include="Core\TranslucentDialog.cpp">
      <Filter>Core</Filter>
    </ClCompile>
    <ClCompile Include="Core\TranslucentProgressBar.cpp">
      <Filter>Core</Filter>
    </ClCompile>
    <ClCompile Include="Core\TranslucentWnd.cpp">
      <Filter>Core</Filter>
    </ClCompile>
    <ClCompile Include="Core\Utility.cpp">
      <Filter>Core</Filter>
    </ClCompile>
  </ItemGroup>
  <ItemGroup>
    <ClInclude Include="DemoStandardDlg.h">
      <Filter>Header Files</Filter>
    </ClInclude>
    <ClInclude Include="DemoTranslucentDlg.h">
      <Filter>Header Files</Filter>
    </ClInclude>
    <ClInclude Include="Resource.h">
      <Filter>Header Files</Filter>
    </ClInclude>
    <ClInclude Include="Stdafx.h">
      <Filter>Header Files</Filter>
    </ClInclude>
    <ClInclude Include="TranslucentDialogLib.h">
      <Filter>Header Files</Filter>
    </ClInclude>
    <ClInclude Include="Core\StandardDialog.h">
      <Filter>Core</Filter>
    </ClInclude>
    <ClInclude Include="Core\TranslucentButton.h">
      <Filter>Core</Filter>
    </ClInclude>
    <ClInclude Include="Core\TranslucentDialog.h">
      <Filter>Core</Filter>
    </ClInclude>
    <ClInclude Include="Core\TranslucentProgressBar.h">
      <Filter>Core</Filter>
    </ClInclude>
    <ClInclude Include="Core\TranslucentWnd.h">
      <Filter>Core</Filter>
    </ClInclude>
    <ClInclude Include="Core\Utility.h">
      <Filter>Core</Filter>
    </ClInclude>
  </ItemGroup>
  <ItemGroup>
    <Image Include="res\TranslucentDialogLib.ico">
      <Filter>Resource Files</Filter>
    </Image>
  </ItemGroup>
  <ItemGroup>
    <ResourceCompile Include="TranslucentDialogLib.rc">
      <Filter>Resource Files</Filter>
    </ResourceCompile>
  </ItemGroup>
  <ItemGroup>
    <None Include="res\TranslucentDialogLib.rc2">
      <Filter>Resource Files</Filter>
    </None>
  </ItemGroup>
</Project>